{
  "version": 1,
  "dependencies": {
    "net8.0-windows10.0.19041": {
      "Microsoft.WindowsAppSDK": {
        "type": "Direct",
        "requested": "[1.8.260921001, )",
        "resolved": "1.8.260921001",
        "contentHash": "uoES0zOM4rNsy5FMWjzGg4uDUakodMkSQbhpT59Gb4J8ONf2L1XEwcyvZC6Li9Sm8fmCUkPK/mkfYdRUpnlJqQ==",
        "dependencies": {
          "Microsoft.WindowsAppSDK.AI": "[1.8.79]",
          "Microsoft.WindowsAppSDK.Base": "[1.8.251216001]",
          "Microsoft.WindowsAppSDK.DWrite": "[1.8.25122902]",
          "Microsoft.WindowsAppSDK.Foundation": "[1.8.260803002]",
          "Microsoft.WindowsAppSDK.InteractiveExperiences": "[1.8.260708001]",
          "Microsoft.WindowsAppSDK.ML": "[1.8.2223]",
          "Microsoft.WindowsAppSDK.Runtime": "[1.8.260921001]",
          "Microsoft.WindowsAppSDK.Widgets": "[1.8.251231004]",
          "Microsoft.WindowsAppSDK.WinUI": "[1.8.260803003]"
        }
      },
      "BouncyCastle.Cryptography": {
        "type": "Transitive",
        "resolved": "2.6.2",
        "contentHash": "7oWOcvnntmMKNzDLsdxAYqApt+AjpRpP2CShjMfIa3umZ42UQMvH0tl1qAliYPNYO6vTdcGMqnRrCPmsfzTI1w=="
      },
      "Google.Protobuf": {
        "type": "Transitive",
        "resolved": "3.29.3",
        "contentHash": "t7nZFFUFwigCwZ+nIXHDLweXvwIpsOXi+P7J7smPT/QjI3EKxnCzTQOhBqyEh6XEzc/pNH+bCFOOSjatrPt6Tw=="
      },
      "Microsoft.Bcl.Cryptography": {
        "type": "Transitive",
        "resolved": "9.0.0",
        "contentHash": "tjfuEv+QOznFL1bEPa7svmjpbNvDIrwdinMNy/HhrToQQpONW4hdp0Sans55Rcy9KB3z60duBeey89JY1VQOvg==",
        "dependencies": {
          "System.Formats.Asn1": "9.0.0"
        }
      },
      "Microsoft.Extensions.Configuration": {
        "type": "Transitive",
        "resolved": "9.0.0",
        "contentHash": "YIMO9T3JL8MeEXgVozKt2v79hquo/EFtnY0vgxmLnUvk1Rei/halI7kOWZL2RBeV9FMGzgM9LZA8CVaNwFMaNA==",
        "dependencies": {
          "Microsoft.Extensions.Configuration.Abstractions": "9.0.0",
          "Microsoft.Extensions.Primitives": "9.0.0"
        }
      },
      "Microsoft.Extensions.Configuration.Abstractions": {
        "type": "Transitive",
        "resolved": "9.0.0",
        "contentHash": "lqvd7W3FGKUO1+ZoUEMaZ5XDJeWvjpy2/M/ptCGz3tXLD4HWVaSzjufsAsjemasBEg+2SxXVtYVvGt5r2nKDlg==",
        "dependencies": {
          "Microsoft.Extensions.Primitives": "9.0.0"
        }
      },
      "Microsoft.Extensions.Configuration.Binder": {
        "type": "Transitive",
        "resolved": "9.0.0",
        "contentHash": "RiScL99DcyngY9zJA2ROrri7Br8tn5N4hP4YNvGdTN/bvg1A3dwvDOxHnNZ3Im7x2SJ5i4LkX1uPiR/MfSFBLQ==",
        "dependencies": {
          "Microsoft.Extensions.Configuration.Abstractions": "9.0.0"
        }
      },
      "Microsoft.Extensions.DependencyInjection": {
        "type": "Transitive",
        "resolved": "9.0.0",
        "contentHash": "MCPrg7v3QgNMr0vX4vzRXvkNGgLg8vKWX0nKCWUxu2uPyMsaRgiRc1tHBnbTcfJMhMKj2slE/j2M9oGkd25DNw==",
        "dependencies": {
          "Microsoft.Extensions.DependencyInjection.Abstractions": "9.0.0"
        }
      },
      "Microsoft.Extensions.DependencyInjection.Abstractions": {
        "type": "Transitive",
        "resolved": "9.0.0",
        "contentHash": "+6f2qv2a3dLwd5w6JanPIPs47CxRbnk+ZocMJUhv9NxP88VlOcJYZs9jY+MYSjxvady08bUZn6qgiNh7DadGgg=="
      },
      "Microsoft.Extensions.Diagnostics": {
        "type": "Transitive",
        "resolved": "9.0.0",
        "contentHash": "0CF9ZrNw5RAlRfbZuVIvzzhP8QeWqHiUmMBU/2H7Nmit8/vwP3/SbHeEctth7D4Gz2fBnEbokPc1NU8/j/1ZLw==",
        "dependencies": {
          "Microsoft.Extensions.Configuration": "9.0.0",
          "Microsoft.Extensions.Diagnostics.Abstractions": "9.0.0",
          "Microsoft.Extensions.Options.ConfigurationExtensions": "9.0.0"
        }
      },
      "Microsoft.Extensions.Diagnostics.Abstractions": {
        "type": "Transitive",
        "resolved": "9.0.0",
        "contentHash": "1K8P7XzuzX8W8pmXcZjcrqS6x5eSSdvhQohmcpgiQNY/HlDAlnrhR9dvlURfFz428A+RTCJpUyB+aKTA6AgVcQ==",
        "dependencies": {
          "Microsoft.Extensions.DependencyInjection.Abstractions": "9.0.0",
          "Microsoft.Extensions.Options": "9.0.0",
          "System.Diagnostics.DiagnosticSource": "9.0.0"
        }
      },
      "Microsoft.Extensions.Http": {
        "type": "Transitive",
        "resolved": "9.0.0",
        "contentHash": "DqI4q54U4hH7bIAq9M5a/hl5Odr/KBAoaZ0dcT4OgutD8dook34CbkvAfAIzkMVjYXiL+E5ul9etwwqiX4PHGw==",
        "dependencies": {
          "Microsoft.Extensions.Configuration.Abstractions": "9.0.0",
          "Microsoft.Extensions.DependencyInjection.Abstractions": "9.0.0",
          "Microsoft.Extensions.Diagnostics": "9.0.0",
          "Microsoft.Extensions.Logging": "9.0.0",
          "Microsoft.Extensions.Logging.Abstractions": "9.0.0",
          "Microsoft.Extensions.Options": "9.0.0"
        }
      },
      "Microsoft.Extensions.Logging": {
        "type": "Transitive",
        "resolved": "9.0.0",
        "contentHash": "crjWyORoug0kK7RSNJBTeSE6VX8IQgLf3nUpTB9m62bPXp/tzbnOsnbe8TXEG0AASNaKZddnpHKw7fET8E++Pg==",
        "dependencies": {
          "Microsoft.Extensions.DependencyInjection": "9.0.0",
          "Microsoft.Extensions.Logging.Abstractions": "9.0.0",
          "Microsoft.Extensions.Options": "9.0.0"
        }
      },
      "Microsoft.Extensions.Logging.Abstractions": {
        "type": "Transitive",
        "resolved": "9.0.0",
        "contentHash": "g0UfujELzlLbHoVG8kPKVBaW470Ewi+jnptGS9KUi6jcb+k2StujtK3m26DFSGGwQ/+bVgZfsWqNzlP6YOejvw==",
        "dependencies": {
          "Microsoft.Extensions.DependencyInjection.Abstractions": "9.0.0",
          "System.Diagnostics.DiagnosticSource": "9.0.0"
        }
      },
      "Microsoft.Extensions.Options": {
        "type": "Transitive",
        "resolved": "9.0.0",
        "contentHash": "y2146b3jrPI3Q0lokKXdKLpmXqakYbDIPDV6r3M8SqvSf45WwOTzkyfDpxnZXJsJQEpAsAqjUq5Pu8RCJMjubg==",
        "dependencies": {
          "Microsoft.Extensions.DependencyInjection.Abstractions": "9.0.0",
          "Microsoft.Extensions.Primitives": "9.0.0"
        }
      },
      "Microsoft.Extensions.Options.ConfigurationExtensions": {
        "type": "Transitive",
        "resolved": "9.0.0",
        "contentHash": "Ob3FXsXkcSMQmGZi7qP07EQ39kZpSBlTcAZLbJLdI4FIf0Jug8biv2HTavWmnTirchctPlq9bl/26CXtQRguzA==",
        "dependencies": {
          "Microsoft.Extensions.Configuration.Abstractions": "9.0.0",
          "Microsoft.Extensions.Configuration.Binder": "9.0.0",
          "Microsoft.Extensions.DependencyInjection.Abstractions": "9.0.0",
          "Microsoft.Extensions.Options": "9.0.0",
          "Microsoft.Extensions.Primitives": "9.0.0"
        }
      },
      "Microsoft.Extensions.Primitives": {
        "type": "Transitive",
        "resolved": "9.0.0",
        "contentHash": "N3qEBzmLMYiASUlKxxFIISP4AiwuPTHF5uCh+2CWSwwzAJiIYx0kBJsS30cp1nvhSySFAVi30jecD307jV+8Kg=="
      },
      "Microsoft.Web.WebView2": {
        "type": "Transitive",
        "resolved": "1.0.3179.45",
        "contentHash": "3pokSH5CnN0G6rGhGFo1y87inxYhNxBQ2Vdf0wlvBj99KHxQJormjDACmqRnFeUsmuNFIhWwfAL1ztq7wD5qRA=="
      },
      "Microsoft.Windows.SDK.BuildTools": {
        "type": "Transitive",
        "resolved": "10.0.26100.4654",
        "contentHash": "2mgcOlj/t2RfSyyw+pVESfO+Tk1RkfQzto9Vrq42M1lUQIfQEwbi8QLha9GXWIOj+TFzeHIEJckIoF25mgiM8A=="
      },
      "Microsoft.Windows.SDK.BuildTools.MSIX": {
        "type": "Transitive",
        "resolved": "1.7.20250829.1",
        "contentHash": "IMdvRmCIZnBS5GkYnv0po1bcx6U1OF39pqA4TphQ9evDzpCRoSE19/PkDvlUNNrBavTsLIEJgd/TAIFner75ow=="
      },
      "Microsoft.WindowsAppSDK.AI": {
        "type": "Transitive",
        "resolved": "1.8.79",
        "contentHash": "28lVLUoYd51EFddxC1REA0NmbrUDYaDgWVV/jQ4Dohz2qArRhXpyYCuggfvQW0D29vWzWFdMjQgNI0qP9CwYyw==",
        "dependencies": {
          "Microsoft.WindowsAppSDK.Base": "1.8.251216001",
          "Microsoft.WindowsAppSDK.Foundation": "1.8.260501000"
        }
      },
      "Microsoft.WindowsAppSDK.Base": {
        "type": "Transitive",
        "resolved": "1.8.251216001",
        "contentHash": "PS1wriuFknz3W2F2P/e6RvOTM35w89Lsj/f0QmUEPrJjKnc+jM0JLX1vfdytI14y1gNRUTm9uclwP0aH/SVU5w==",
        "dependencies": {
          "Microsoft.Windows.SDK.BuildTools": "10.0.26100.4654",
          "Microsoft.Windows.SDK.BuildTools.MSIX": "1.7.20250829.1"
        }
      },
      "Microsoft.WindowsAppSDK.DWrite": {
        "type": "Transitive",
        "resolved": "1.8.25122902",
        "contentHash": "zFNn07i7Cyz62Y8FnPQAyzeZK7ww3m9t42i9pzy4C04pNbyUDQ4fG7pB6VSh6n4EyFuYtuFQuDzt4mKmXFrkrg==",
        "dependencies": {
          "Microsoft.WindowsAppSDK.Base": "1.8.251216001"
        }
      },
      "Microsoft.WindowsAppSDK.Foundation": {
        "type": "Transitive",
        "resolved": "1.8.260803002",
        "contentHash": "V2Mhddgyljl6jULPGbJ/J/kn6Y4D98Nckpr3Y27uK/CfbSnjcGTC6M+3aMJkyjNwoekyGAwEIRdBEYJBUCRRfA==",
        "dependencies": {
          "Microsoft.WindowsAppSDK.Base": "1.8.251216001",
          "Microsoft.WindowsAppSDK.InteractiveExperiences": "1.8.260708001"
        }
      },
      "Microsoft.WindowsAppSDK.InteractiveExperiences": {
        "type": "Transitive",
        "resolved": "1.8.260708001",
        "contentHash": "lKvL9ArPGRhzbQwXUg7Spc8dgB7N2NnMoC6BKD9sn0Mzx9FxcJC55rohV9x52eBCfviHzrn5ZtujwORZthsqbA==",
        "dependencies": {
          "Microsoft.WindowsAppSDK.Base": "1.8.251216001"
        }
      },
      "Microsoft.WindowsAppSDK.ML": {
        "type": "Transitive",
        "resolved": "1.8.2223",
        "contentHash": "enVopOqNAmV4U/6zXja3I+FeJBEzLw6L19UhFDNYEPgoPMWqNdc9evGfJQ5qYKXdjTSG6woFye65KVp26dLAmg==",
        "dependencies": {
          "Microsoft.WindowsAppSDK.Base": "1.8.251216001",
          "Microsoft.WindowsAppSDK.Foundation": "1.8.260803002",
          "System.Numerics.Tensors": "9.0.0"
        }
      },
      "Microsoft.WindowsAppSDK.Runtime": {
        "type": "Transitive",
        "resolved": "1.8.260921001",
        "contentHash": "UX0e2skKg08iM/rUqg9ax23cc0YqBT7OACm6POSqL0NCT6Y+wO43X3BHUdmJ/iEef/hTdJ/8YRizOX9IB+GREQ==",
        "dependencies": {
          "Microsoft.WindowsAppSDK.Base": "1.8.251216001"
        }
      },
      "Microsoft.WindowsAppSDK.Widgets": {
        "type": "Transitive",
        "resolved": "1.8.251231004",
        "contentHash": "bIWqQYR8DCoB1SoPOMil5AtgtkTn438wJTdpsHgyO/6o7Eh7PMP5BzrR0KbDsFqy+4LhPWQ4vtwko5k93fECcA==",
        "dependencies": {
          "Microsoft.WindowsAppSDK.Base": "1.8.251216001"
        }
      },
      "Microsoft.WindowsAppSDK.WinUI": {
        "type": "Transitive",
        "resolved": "1.8.260803003",
        "contentHash": "yQFFlQ6IQj4dpDqGvMghRUQMAYlnu+hhf1unvkf4ymtdWDww+UotPi+MPTJyDc7x+xEyBXfXnlXZVk0NG0eMrA==",
        "dependencies": {
          "Microsoft.Web.WebView2": "1.0.3179.45",
          "Microsoft.WindowsAppSDK.Base": "1.8.251216001",
          "Microsoft.WindowsAppSDK.Foundation": "1.8.260803002",
          "Microsoft.WindowsAppSDK.InteractiveExperiences": "1.8.260708001"
        }
      },
      "Sigstore.Net": {
        "type": "Transitive",
        "resolved": "1.0.3",
        "contentHash": "OLSq7bAMEUZaBZyxsNtmMy0+YtoMKl8XHG+9XJ2CNjBZtA/n6Tz6r0xt+gfGdIAqky/hzNepGpiUZtpQAW6AQw==",
        "dependencies": {
          "BouncyCastle.Cryptography": "2.6.2",
          "Google.Protobuf": "3.29.3",
          "Microsoft.Extensions.DependencyInjection.Abstractions": "9.0.0",
          "Microsoft.Extensions.Http": "9.0.0",
          "Microsoft.Extensions.Logging.Abstractions": "9.0.0",
          "System.Security.Cryptography.Pkcs": "9.0.0"
        }
      },
      "System.Diagnostics.DiagnosticSource": {
        "type": "Transitive",
        "resolved": "9.0.0",
        "contentHash": "ddppcFpnbohLWdYKr/ZeLZHmmI+DXFgZ3Snq+/E7SwcdW4UnvxmaugkwGywvGVWkHPGCSZjCP+MLzu23AL5SDw=="
      },
      "System.Formats.Asn1": {
        "type": "Transitive",
        "resolved": "9.0.0",
        "contentHash": "VRDjgfqV0hCma5HBQa46nZTRuqfYMWZClwxUtvLJVTCeDp9Esdvr91AfEWP98IMO8ooSv1yXb6/oCc6jApoXvQ=="
      },
      "System.Numerics.Tensors": {
        "type": "Transitive",
        "resolved": "9.0.0",
        "contentHash": "hyJB4UlpAi19Xr9AXzu2NuagKC4lPfHObNMEAA0HmqFz2rX7wKgzeYzO/jM/eBHDhnUGFFEjk5cOoJaxqg5J4A=="
      },
      "System.Security.Cryptography.Pkcs": {
        "type": "Transitive",
        "resolved": "9.0.0",
        "contentHash": "8tluJF8w9si+2yoHeL8rgVJS6lKvWomTDC8px65Z8MCzzdME5eaPtEQf4OfVGrAxB5fW93ncucy1+221O9EQaw==",
        "dependencies": {
          "Microsoft.Bcl.Cryptography": "9.0.0",
          "System.Formats.Asn1": "9.0.0"
        }
      },
      "autoenvplus.core": {
        "type": "Project",
        "dependencies": {
          "BouncyCastle.Cryptography": "[2.6.2, )",
          "Sigstore.Net": "[1.0.3, )"
        }
      }
    },
    "net8.0-windows10.0.19041/win-x64": {
      "Microsoft.Web.WebView2": {
        "type": "Transitive",
        "resolved": "1.0.3179.45",
        "contentHash": "3pokSH5CnN0G6rGhGFo1y87inxYhNxBQ2Vdf0wlvBj99KHxQJormjDACmqRnFeUsmuNFIhWwfAL1ztq7wD5qRA=="
      },
      "Microsoft.WindowsAppSDK.Foundation": {
        "type": "Transitive",
        "resolved": "1.8.260803002",
        "contentHash": "V2Mhddgyljl6jULPGbJ/J/kn6Y4D98Nckpr3Y27uK/CfbSnjcGTC6M+3aMJkyjNwoekyGAwEIRdBEYJBUCRRfA==",
        "dependencies": {
          "Microsoft.WindowsAppSDK.Base": "1.8.251216001",
          "Microsoft.WindowsAppSDK.InteractiveExperiences": "1.8.260708001"
        }
      },
      "System.Security.Cryptography.Pkcs": {
        "type": "Transitive",
        "resolved": "9.0.0",
        "contentHash": "8tluJF8w9si+2yoHeL8rgVJS6lKvWomTDC8px65Z8MCzzdME5eaPtEQf4OfVGrAxB5fW93ncucy1+221O9EQaw==",
        "dependencies": {
          "Microsoft.Bcl.Cryptography": "9.0.0",
          "System.Formats.Asn1": "9.0.0"
        }
      }
    }
  }
}